PODS:
  - CocoaAsyncSocket (7.6.5)
  - dsBridge (3.0.203)
  - lottie-ios (2.5.3)
  - Masonry (1.1.0)
  - MJRefresh (3.7.2)
  - MMKV (1.2.10):
    - MMKVCore (~> 1.2.10)
  - MMKVCore (1.2.10)
  - Reachability (3.2)
  - SVProgressHUD (2.2.5)
  - TuyaAudioEngineSDK (1.0.1)
  - TuyaCameraAutomation (3.31.5):
    - MJRefresh
    - TuyaSmartCameraKit
    - TuyaSmartDeviceKit
    - TYAlertView
    - TYEncryptImage
    - TYFoundationKit
    - TYKVStorageLibrary
    - TYProgressHUD
    - TYUIKit
    - YYModel
  - TuyaCameraSDK (3.31.1):
    - TuyaAudioEngineSDK
    - TuyaFFmpegWrapper
    - TuyaP2PSDK
  - TuyaCameraUIKit (3.31.5):
    - TuyaSmartCameraBase
  - TuyaCloudStorageDebugger (3.31.5.1):
    - Masonry
    - TuyaSmartCameraKit
    - TuyaSmartDeviceKit
  - TuyaFFmpegWrapper (4.2.3)
  - TuyaP2PSDK (3.4.8)
  - TuyaSmartActivatorCoreKit (3.28.5):
    - TuyaSmartDeviceCoreKit
  - TuyaSmartActivatorKit (3.26.6):
    - TuyaSmartActivatorCoreKit
    - TuyaSmartDeviceKit
  - TuyaSmartBaseKit (3.29.0):
    - TuyaSmartNetworkKit
    - TuyaSmartUtil
    - YYModel
  - TuyaSmartBizCore (3.27.5.3-rc.1):
    - TuyaSmartBaseKit
    - TYFoundationKit
    - TYModuleManager
    - TYModuleServices
    - TYOEMConfig
    - TYSmartBusinessLibrary
    - TYThemeModule
  - TuyaSmartBLEKit (3.29.5):
    - TuyaSmartBaseKit
    - TuyaSmartDeviceCoreKit
    - TYBluetooth (< 10.0)
  - TuyaSmartBLEMeshKit (3.29.5):
    - TuyaSmartActivatorCoreKit
    - TuyaSmartBaseKit
    - TuyaSmartBLEKit
    - TuyaSmartDeviceCoreKit (>= 3.20.0)
    - TYBluetooth (< 10.0)
  - TuyaSmartCameraBase (4.30.5)
  - TuyaSmartCameraKit (4.31.5.1):
    - TuyaSmartBaseKit
    - TuyaSmartCameraBase
    - TuyaSmartCameraM
    - TuyaSmartDeviceCoreKit
    - TYEncryptImage
  - TuyaSmartCameraM (4.31.5):
    - TuyaCameraSDK
    - TuyaSmartBaseKit
    - TuyaSmartCameraBase
    - TuyaSmartDeviceCoreKit
    - TuyaSmartP2pChannelKit
  - TuyaSmartCloudServiceBizBundle (3.27.5.8):
    - dsBridge
    - lottie-ios
    - Masonry
    - MJRefresh
    - MMKV
    - Reachability
    - TuyaSmartBaseKit
    - TuyaSmartBizCore (= 3.27.5.3-rc.1)
    - TuyaSmartDeviceKit
    - TuyaSmartUtil
    - TYAlertView (= 1.0.5.4-activatorUIBugfix-1-rc.2)
    - TYAvatarEditKit (= 0.1.5-rc.1)
    - TYBaseDebugger (= 1.1.0)
    - TYBlockKit (= 0.0.4)
    - TYCameraCloudServiceModule (= 3.18.1)
    - TYConfigHub (= 1.0.8.3)
    - TYDomainQueryModule
    - TYEncryptImage
    - TYFoundationKit
    - TYHybridContainer (= 1.3.8-tybizbundle.3.27.5-1)
    - TYKVStorageLibrary (= 0.5.1)
    - TYLogMacro (= 0.1.0)
    - TYModuleManager (= 2.10.3)
    - TYModuleServices (= 2.22.0-tybizbundle.3.27.5-rc.6.1)
    - TYNavigationController
    - TYOEMConfig (= 1.23.3-tybizbundle.3.27.5-1-rc.1)
    - TYPhotoBrowser (= 1.1.2)
    - TYPopupViewController (= 0.2.1-rc.6)
    - TYProgressHUD (= 0.1.4-patch.2)
    - TYSmartActionDialog (= 0.3.9.2-patch.1)
    - TYSmartBusinessLibrary (= 3.23.5.4-tybizbundle)
    - TYSmartEventPredefined (= 1.2.84)
    - TYThemeModule (= 0.6.0)
    - TYUIKit
    - TYUrlPredefined (= 0.2.102)
    - TYUrlPredefinedExternal (= 0.2.50)
    - TYVideoPlayer (= 2.0.4-tybizbundle-3.27.5-rc.1)
    - YYModel
  - TuyaSmartDefaultPanelKit (1.0.0):
    - TuyaSmartDeviceKit
  - TuyaSmartDeviceCoreKit (3.29.6):
    - TuyaSmartBaseKit
    - TuyaSmartMQTTChannelKit
    - TuyaSmartSocketChannelKit
  - TuyaSmartDeviceKit (3.29.6):
    - TuyaSmartBaseKit
    - TuyaSmartDeviceCoreKit (>= 3.21.0)
  - TuyaSmartFeedbackKit (3.26.5):
    - TuyaSmartBaseKit
  - TuyaSmartHomeKit (3.29.5):
    - TuyaSmartActivatorCoreKit (>= 3.26.5)
    - TuyaSmartActivatorKit (>= 3.26.5)
    - TuyaSmartBaseKit (>= 3.29.0)
    - TuyaSmartBLEKit (>= 3.29.5)
    - TuyaSmartBLEMeshKit (>= 3.29.5)
    - TuyaSmartDefaultPanelKit
    - TuyaSmartDeviceCoreKit (>= 3.29.6)
    - TuyaSmartDeviceKit (>= 3.29.5)
    - TuyaSmartFeedbackKit (>= 3.26.5)
    - TuyaSmartMessageKit (>= 3.26.5)
    - TuyaSmartMQTTChannelKit (>= 3.29.0)
    - TuyaSmartNetworkKit (>= 3.29.0)
    - TuyaSmartSceneKit (>= 3.29.5)
    - TuyaSmartSocketChannelKit (>= 3.26.5)
    - TuyaSmartTimerKit (>= 3.26.5)
    - TYBluetooth (>= 3.29.5)
  - TuyaSmartMessageKit (3.26.5):
    - TuyaSmartBaseKit
  - TuyaSmartMQTTChannelKit (3.29.0):
    - TuyaSmartBaseKit
    - TuyaSmartQUIC
  - TuyaSmartNetworkKit (3.29.0):
    - TuyaSmartUtil
    - YYModel
  - TuyaSmartP2pChannelKit (3.31.5.1):
    - TuyaP2PSDK
    - TuyaSmartDeviceCoreKit
  - TuyaSmartQUIC (1.1.2)
  - TuyaSmartSceneKit (3.29.5):
    - TuyaSmartBaseKit
    - TuyaSmartDeviceKit
  - TuyaSmartSocketChannelKit (3.27.1):
    - CocoaAsyncSocket (>= 7.4.3)
    - TuyaSmartBaseKit
  - TuyaSmartTimerKit (3.26.5):
    - TuyaSmartBaseKit
    - TuyaSmartDeviceKit
  - TuyaSmartUtil (3.26.6)
  - TYAlertView (1.0.5.4-activatorUIBugfix-1-rc.2):
    - Masonry
    - TYFoundationKit
    - TYOEMConfig
    - TYUIKit
  - TYAvatarEditKit (0.1.5-rc.1):
    - Masonry
    - TYFoundationKit
    - TYUIKit
  - TYBaseDebugger (1.1.0):
    - Masonry
    - TYOEMConfig
    - TYUIKit
  - TYBlockKit (0.0.4)
  - TYBluetooth (3.29.5)
  - TYCameraCloudServiceModule (3.18.1):
    - TuyaSmartDeviceKit
    - TYHybridContainer
    - TYModuleManager
    - TYModuleServices
  - TYConfigHub (1.0.8.3):
    - TuyaSmartBaseKit
    - TuyaSmartUtil
    - TYBlockKit
    - TYFoundationKit
    - TYModuleManager
    - TYModuleServices
    - TYSmartEventPredefined
    - YYModel
  - TYDomainQueryModule (0.2.0):
    - TuyaSmartBaseKit
    - TYFoundationKit
    - TYKVStorageLibrary
    - TYModuleManager
    - TYModuleServices
    - TYSmartBusinessLibrary
  - TYEncryptImage (4.23.5.3)
  - TYFoundationKit (1.15.1):
    - Reachability
  - TYHybridContainer (1.3.8-tybizbundle.3.27.5-1):
    - dsBridge (~> 3.0.202)
    - TYBaseDebugger
    - TYConfigHub
    - TYEncryptImage
    - TYKVStorageLibrary
    - TYModuleManager
    - TYModuleServices
    - TYNavigationController
    - TYPhotoBrowser
    - TYSmartBusinessLibrary
    - TYUIKit
    - TYUrlPredefined
    - TYVideoPlayer
  - TYKVStorageLibrary (0.5.1):
    - MMKV
    - TuyaSmartBaseKit
  - TYLogMacro (0.1.0)
  - TYModuleManager (2.10.3)
  - TYModuleServices (2.22.0-tybizbundle.3.27.5-rc.6.1)
  - TYNavigationController (1.13.4):
    - TYUIKit
  - TYOEMConfig (1.23.3-tybizbundle.3.27.5-1-rc.1):
    - TuyaSmartBaseKit
    - TYFoundationKit
    - YYModel
  - TYPhotoBrowser (1.1.2):
    - TYEncryptImage
    - TYUIKit
  - TYPopupViewController (0.2.1-rc.6):
    - TYOEMConfig
  - TYProgressHUD (0.1.4-patch.2):
    - Masonry
    - TYFoundationKit
    - TYOEMConfig
    - TYUIKit
  - TYSmartActionDialog (0.3.9.2-patch.1):
    - Masonry
    - TYFoundationKit
    - TYLogMacro
    - TYUIKit
  - TYSmartBusinessLibrary (3.23.5.4-tybizbundle):
    - lottie-ios (~> 2.0)
    - Masonry
    - MJRefresh
    - Reachability
    - TuyaSmartBaseKit
    - TYAlertView
    - TYAvatarEditKit
    - TYBlockKit
    - TYFoundationKit
    - TYKVStorageLibrary
    - TYLogMacro
    - TYNavigationController
    - TYOEMConfig
    - TYPopupViewController
    - TYProgressHUD
    - TYSmartActionDialog
    - TYUIKit
  - TYSmartEventPredefined (1.2.84)
  - TYThemeModule (0.6.0):
    - TYModuleManager
    - TYModuleServices
    - TYNavigationController
    - TYOEMConfig
    - TYUIKit
  - TYUIKit (1.15.4):
    - Masonry
    - TYLogMacro
    - TYOEMConfig
  - TYUrlPredefined (0.2.102):
    - TYUrlPredefinedExternal
  - TYUrlPredefinedExternal (0.2.50)
  - TYVideoPlayer (2.0.4-tybizbundle-3.27.5-rc.1):
    - Masonry
    - TYFoundationKit
    - TYSmartBusinessLibrary
  - YYModel (1.0.4)

DEPENDENCIES:
  - SVProgressHUD
  - TuyaCameraAutomation
  - TuyaCameraUIKit
  - TuyaCloudStorageDebugger
  - TuyaSmartCameraKit
  - TuyaSmartCloudServiceBizBundle
  - TuyaSmartHomeKit

SPEC REPOS:
  https://github.com/CocoaPods/Specs.git:
    - CocoaAsyncSocket
    - lottie-ios
    - Masonry
    - MJRefresh
    - MMKV
    - MMKVCore
    - Reachability
    - SVProgressHUD
    - TuyaAudioEngineSDK
    - TuyaCameraSDK
    - TuyaCameraUIKit
    - TuyaCloudStorageDebugger
    - TuyaFFmpegWrapper
    - TuyaP2PSDK
    - TuyaSmartActivatorCoreKit
    - TuyaSmartActivatorKit
    - TuyaSmartBaseKit
    - TuyaSmartBLEKit
    - TuyaSmartBLEMeshKit
    - TuyaSmartCameraBase
    - TuyaSmartCameraKit
    - TuyaSmartCameraM
    - TuyaSmartDefaultPanelKit
    - TuyaSmartDeviceCoreKit
    - TuyaSmartDeviceKit
    - TuyaSmartFeedbackKit
    - TuyaSmartHomeKit
    - TuyaSmartMessageKit
    - TuyaSmartMQTTChannelKit
    - TuyaSmartNetworkKit
    - TuyaSmartP2pChannelKit
    - TuyaSmartQUIC
    - TuyaSmartSceneKit
    - TuyaSmartSocketChannelKit
    - TuyaSmartTimerKit
    - TuyaSmartUtil
    - TYBluetooth
    - TYEncryptImage
    - YYModel
  https://github.com/TuyaInc/TuyaPublicSpecs.git:
    - dsBridge
    - TuyaCameraAutomation
    - TuyaSmartBizCore
    - TuyaSmartCloudServiceBizBundle
    - TYAlertView
    - TYAvatarEditKit
    - TYBaseDebugger
    - TYBlockKit
    - TYCameraCloudServiceModule
    - TYConfigHub
    - TYDomainQueryModule
    - TYFoundationKit
    - TYHybridContainer
    - TYKVStorageLibrary
    - TYLogMacro
    - TYModuleManager
    - TYModuleServices
    - TYNavigationController
    - TYOEMConfig
    - TYPhotoBrowser
    - TYPopupViewController
    - TYProgressHUD
    - TYSmartActionDialog
    - TYSmartBusinessLibrary
    - TYSmartEventPredefined
    - TYThemeModule
    - TYUIKit
    - TYUrlPredefined
    - TYUrlPredefinedExternal
    - TYVideoPlayer

SPEC CHECKSUMS:
  CocoaAsyncSocket: 065fd1e645c7abab64f7a6a2007a48038fdc6a99
  dsBridge: f7698ec8790017bec8be7764b17fbdbc90c3c4bb
  lottie-ios: a50d5c0160425cd4b01b852bb9578963e6d92d31
  Masonry: 678fab65091a9290e40e2832a55e7ab731aad201
  MJRefresh: 30997d30b347c8e9508a4db11e3a690da0c9b85a
  MMKV: 76033b9ace2006623308910a3afcc0e25eba3140
  MMKVCore: b00e7a09ec77a1b916aef336eedd3b99ec249978
  Reachability: 33e18b67625424e47b6cde6d202dce689ad7af96
  SVProgressHUD: 1428aafac632c1f86f62aa4243ec12008d7a51d6
  TuyaAudioEngineSDK: 505824e1a51db117843c999af4d0848ad3ce108c
  TuyaCameraAutomation: 821f7165e721b8f47b45c2d8a8b09d9245088174
  TuyaCameraSDK: 9fca439b8130c526776a05233f38fafae974b6ce
  TuyaCameraUIKit: 5557dbd68b1b4cf50f65f712ae298dd2e9619c48
  TuyaCloudStorageDebugger: 6dafd4a88a969c3d543a58c814d31c16058f1349
  TuyaFFmpegWrapper: cc6a5f16deaf7b9bb2134807ad3fd1517166363e
  TuyaP2PSDK: 28cba3dcdd17f255858577df19da7f3f3ea3d883
  TuyaSmartActivatorCoreKit: e1f067ad69775dccf0b34bff91624d1691490513
  TuyaSmartActivatorKit: d7e8f9b5b0461c5aae49d5dc344be4fcb9b8aac3
  TuyaSmartBaseKit: 5106eaeea224d0c5acd89c3634b11716240d22ad
  TuyaSmartBizCore: e8ebc07380d937d0bc93523060c86ae7715343c1
  TuyaSmartBLEKit: 76b8503cd2e24ebbe68dd308f6e0c5e0c2c86a59
  TuyaSmartBLEMeshKit: 628e942950f23a53e16ca44000daa850f6bb4e66
  TuyaSmartCameraBase: 9e7c5ac7274d2e3828f79c8e603846a09b04e1ed
  TuyaSmartCameraKit: dae9b57147a0ee0f1cfcdb0ac6514f075105acaa
  TuyaSmartCameraM: a6af0e386a567a6c31e623a5843129f2e97ced36
  TuyaSmartCloudServiceBizBundle: c3bbf35f67db2b901d5772986e5bc22c6b5458ad
  TuyaSmartDefaultPanelKit: afb7cc9014304281c7de48548f06d03a61a27f07
  TuyaSmartDeviceCoreKit: 03096c89fb7f83ac326d336a54614deb4bbf1165
  TuyaSmartDeviceKit: cdc2a53c8152ef98f5d5b36308df7c229cab34a1
  TuyaSmartFeedbackKit: f8e95b5304ddcf2e57fae99025e9574b192c8ea0
  TuyaSmartHomeKit: ee72a8cb0c90a87c72184360b6c3ea3d756eee5c
  TuyaSmartMessageKit: 218896d3d12b1ecc99451c032c368e6be579ee3c
  TuyaSmartMQTTChannelKit: ae3c1d821fbc5a1a75541302ff56fd06e5ed8877
  TuyaSmartNetworkKit: f71a028a465ef10b5d47361fc7dcf0cae2547dc2
  TuyaSmartP2pChannelKit: 08fd3835b793ddc95648f2763dcc72b2fb2e96ca
  TuyaSmartQUIC: e8407fa527877451820595dc6977e28d0af4825c
  TuyaSmartSceneKit: c28c647d6787321c111b7f390402806c07b2b919
  TuyaSmartSocketChannelKit: 32cea8e1bc03432ad244d13199e90ecba175aeb4
  TuyaSmartTimerKit: 5cf69cc647178ecdbf1bfba10687789514bfe958
  TuyaSmartUtil: f43d2102d6bc5888aac9aefa9e1fb6f16e1ba852
  TYAlertView: 66ec1c69457e601267c9795fa45346f3306d89fb
  TYAvatarEditKit: b1b62d03d4e7650b7a6c5ab72b249113c2401287
  TYBaseDebugger: 5657011ea61fc3b0c68e34b437e2e60c49e81904
  TYBlockKit: 74068939d7ce21d0d921937bd45ca490d212535c
  TYBluetooth: 4b78b2cae6cfa4f86633e79bad030e21450ce642
  TYCameraCloudServiceModule: 5dddbe1b4d5931d2c0d1abd45c3f5d8b71744fbc
  TYConfigHub: cadf514086d480088912b566b4df6fd2140330f7
  TYDomainQueryModule: cf12ac25847b258da497c77fabfb673ec580ff09
  TYEncryptImage: be87d32592bd035f5b144d0643a076fed7519650
  TYFoundationKit: 86e2d49e9407a76ea18e9686dc2dc84f77c0c085
  TYHybridContainer: 5bcf0ce3eabef6cb8f541ac0263d7785df9a7ee8
  TYKVStorageLibrary: 60e7228fdf0a5571ab21d1c123b89e1c76345444
  TYLogMacro: ab4e48b7098c1b7bc263332d8357befbf39f47a2
  TYModuleManager: d190e1fce6a3ca49d419a9cf73a9e2a78e6c022c
  TYModuleServices: e8d4e8461f0ef563dc73d03a1f7bf939304238bf
  TYNavigationController: 17a35b6f93826de728adb49d85961797048d8683
  TYOEMConfig: d8f8e333f943254ceddd286433370e1cd75eed91
  TYPhotoBrowser: b9a10c99d302793c48ce1b9de6e68e2c1ca41d55
  TYPopupViewController: 1bc8ad948a395e813d7a6117d60ebc748c9ee7af
  TYProgressHUD: 88a9b509481f83eafc66a008c15732d498b804a4
  TYSmartActionDialog: e9ee310b26be07c0038e1234d1c296765fe93722
  TYSmartBusinessLibrary: 709bd24ca76f5ac366ff518acc05aed2dafce248
  TYSmartEventPredefined: 7dc60b9de37e8f7fbf18fe57f4d4286d996626cd
  TYThemeModule: 88cb64836bd1f6fe9e10a2e74625c71548abcb2c
  TYUIKit: 2eb76feb7c95545aab13121a86927595e448e568
  TYUrlPredefined: ae22272245947cf0f7fa2f99f9ae220b7befdfda
  TYUrlPredefinedExternal: c8d2201a5324dee23f5c27cc42b40dfa8c9119ef
  TYVideoPlayer: 0dfc8b3488d049d568fe6ccb073728165be372a0
  YYModel: 2a7fdd96aaa4b86a824e26d0c517de8928c04b30

PODFILE CHECKSUM: 2062e7807ede585f70fd14719d3e550052115c9c

COCOAPODS: 1.10.2
